
Microsoft Visual Studio Solution File, Format Version 12.00
# Visual Studio Version 17
VisualStudioVersion = 17.10.35122.118
MinimumVisualStudioVersion = 10.0.40219.1
Project("{8BC9CEB8-8B4A-11D0-8D11-00A0C91BC942}") = "luogu_test", "luogu_test\luogu_test.vcxproj", "{AD926B1C-541B-4B8E-B388-F69B793C200D}"
EndProject
Global
	GlobalSection(SolutionConfigurationPlatforms) = preSolution
		Debug|x64 = Debug|x64
		Debug|x86 = Debug|x86
		Release|x64 = Release|x64
		Release|x86 = Release|x86
	EndGlobalSection
	GlobalSection(ProjectConfigurationPlatforms) = postSolution
		{AD926B1C-541B-4B8E-B388-F69B793C200D}.Debug|x64.ActiveCfg = Debug|x64
		{AD926B1C-541B-4B8E-B388-F69B793C200D}.Debug|x64.Build.0 = Debug|x64
		{AD926B1C-541B-4B8E-B388-F69B793C200D}.Debug|x86.ActiveCfg = Debug|Win32
		{AD926B1C-541B-4B8E-B388-F69B793C200D}.Debug|x86.Build.0 = Debug|Win32
		{AD926B1C-541B-4B8E-B388-F69B793C200D}.Release|x64.ActiveCfg = Release|x64
		{AD926B1C-541B-4B8E-B388-F69B793C200D}.Release|x64.Build.0 = Release|x64
		{AD926B1C-541B-4B8E-B388-F69B793C200D}.Release|x86.ActiveCfg = Release|Win32
		{AD926B1C-541B-4B8E-B388-F69B793C200D}.Release|x86.Build.0 = Release|Win32
	EndGlobalSection
	GlobalSection(SolutionProperties) = preSolution
		HideSolutionNode = FALSE
	EndGlobalSection
	GlobalSection(ExtensibilityGlobals) = postSolution
		SolutionGuid = {38C9E12C-1285-490A-8FD0-23521B883EFB}
	EndGlobalSection
EndGlobal
